
Microsoft Visual Studio Solution File, Format Version 12.00
# Visual Studio Version 17
VisualStudioVersion = 17.9.34728.123
MinimumVisualStudioVersion = 10.0.40219.1
Project("{888888A0-9F3D-457C-B088-3A5042F75D52}") = "Draw 2 Circle", "Draw 2 Circle\Draw 2 Circle.pyproj", "{9AF31173-7345-43D0-B8E0-314E54D1B7BE}"
EndProject
Global
	GlobalSection(SolutionConfigurationPlatforms) = preSolution
		Debug|Any CPU = Debug|Any CPU
		Release|Any CPU = Release|Any CPU
	EndGlobalSection
	GlobalSection(ProjectConfigurationPlatforms) = postSolution
		{9AF31173-7345-43D0-B8E0-314E54D1B7BE}.Debug|Any CPU.ActiveCfg = Debug|Any CPU
		{9AF31173-7345-43D0-B8E0-314E54D1B7BE}.Release|Any CPU.ActiveCfg = Release|Any CPU
	EndGlobalSection
	GlobalSection(SolutionProperties) = preSolution
		HideSolutionNode = FALSE
	EndGlobalSection
	GlobalSection(ExtensibilityGlobals) = postSolution
		SolutionGuid = {8032AA55-78AA-4C5F-8F36-316AE2076C9B}
	EndGlobalSection
EndGlobal
